Microsoft Visual Studio Solution File, Format Version 7.00
Project("{8BC9CEB8-8B4A-11D0-8D11-00A0C91BC942}") = "BTChange", "BTChange.vcproj", "{702B2521-E3B8-4EB3-80FB-67476B13D0A3}"
EndProject
Global
	GlobalSection(SolutionConfiguration) = preSolution
		ConfigName.0 = Debug
		ConfigName.1 = Release
	EndGlobalSection
	GlobalSection(ProjectDependencies) = postSolution
	EndGlobalSection
	GlobalSection(ProjectConfiguration) = postSolution
		{702B2521-E3B8-4EB3-80FB-67476B13D0A3}.Debug.ActiveCfg = Debug|Win32
		{702B2521-E3B8-4EB3-80FB-67476B13D0A3}.Debug.Build.0 = Debug|Win32
		{702B2521-E3B8-4EB3-80FB-67476B13D0A3}.Release.ActiveCfg = Release|Win32
		{702B2521-E3B8-4EB3-80FB-67476B13D0A3}.Release.Build.0 = Release|Win32
	EndGlobalSection
	GlobalSection(ExtensibilityGlobals) = postSolution
	EndGlobalSection
	GlobalSection(ExtensibilityAddIns) = postSolution
	EndGlobalSection
EndGlobal
